
Microsoft Visual Studio Solution File, Format Version 12.00
# Visual Studio Version 17
VisualStudioVersion = 17.6.33829.357
MinimumVisualStudioVersion = 10.0.40219.1
Project("{FAE04EC0-301F-11D3-BF4B-00C04F79EFBC}") = "FactoryPatternExample_erik", "FactoryPatternExample_erik\FactoryPatternExample_erik.csproj", "{B1FF7E66-0ADB-43FC-ACFF-2548514C42B1}"
EndProject
Global
	GlobalSection(SolutionConfigurationPlatforms) = preSolution
		Debug|Any CPU = Debug|Any CPU
		Release|Any CPU = Release|Any CPU
	EndGlobalSection
	GlobalSection(ProjectConfigurationPlatforms) = postSolution
		{B1FF7E66-0ADB-43FC-ACFF-2548514C42B1}.Debug|Any CPU.ActiveCfg = Debug|Any CPU
		{B1FF7E66-0ADB-43FC-ACFF-2548514C42B1}.Debug|Any CPU.Build.0 = Debug|Any CPU
		{B1FF7E66-0ADB-43FC-ACFF-2548514C42B1}.Release|Any CPU.ActiveCfg = Release|Any CPU
		{B1FF7E66-0ADB-43FC-ACFF-2548514C42B1}.Release|Any CPU.Build.0 = Release|Any CPU
	EndGlobalSection
	GlobalSection(SolutionProperties) = preSolution
		HideSolutionNode = FALSE
	EndGlobalSection
	GlobalSection(ExtensibilityGlobals) = postSolution
		SolutionGuid = {0CF973CA-DAE4-4385-BD8F-000CB3A3D54B}
	EndGlobalSection
EndGlobal
